
Microsoft Visual Studio Solution File, Format Version 12.00
# Visual Studio Version 17
VisualStudioVersion = 17.1.32407.343
MinimumVisualStudioVersion = 10.0.40219.1
Project("{8BC9CEB8-8B4A-11D0-8D11-00A0C91BC942}") = "CG2_DirectXGame", "CG2_DirectXGame.vcxproj", "{E2B32998-CDDF-4587-AAC4-CFEBBFBD82FD}"
EndProject
Global
	GlobalSection(SolutionConfigurationPlatforms) = preSolution
		Debug|x64 = Debug|x64
		Profile|x64 = Profile|x64
		Release|x64 = Release|x64
	EndGlobalSection
	GlobalSection(ProjectConfigurationPlatforms) = postSolution
		{E2B32998-CDDF-4587-AAC4-CFEBBFBD82FD}.Debug|x64.ActiveCfg = Debug|x64
		{E2B32998-CDDF-4587-AAC4-CFEBBFBD82FD}.Debug|x64.Build.0 = Debug|x64
		{E2B32998-CDDF-4587-AAC4-CFEBBFBD82FD}.Profile|x64.ActiveCfg = Release|x64
		{E2B32998-CDDF-4587-AAC4-CFEBBFBD82FD}.Profile|x64.Build.0 = Release|x64
		{E2B32998-CDDF-4587-AAC4-CFEBBFBD82FD}.Release|x64.ActiveCfg = Release|x64
		{E2B32998-CDDF-4587-AAC4-CFEBBFBD82FD}.Release|x64.Build.0 = Release|x64
	EndGlobalSection
	GlobalSection(SolutionProperties) = preSolution
		HideSolutionNode = FALSE
	EndGlobalSection
	GlobalSection(ExtensibilityGlobals) = postSolution
		SolutionGuid = {ED27D897-BA55-48A8-B402-23A9A049FD67}
	EndGlobalSection
EndGlobal
